# Generated by pub
# See https://dart.dev/tools/pub/glossary#lockfile
packages:
  archive:
    dependency: transitive
    description:
      name: archive
      sha256: cb6a278ef2dbb298455e1a713bda08524a175630ec643a242c399c932a0a1f7d
      url: "https://pub.dev"
    source: hosted
    version: "3.6.1"
  characters:
    dependency: transitive
    description:
      name: characters
      sha256: "81269c8d3f45541082bfbb117bbc962cfc68b5197eb4c705a00db4ddf394e1c1"
      url: "https://pub.dev"
    source: hosted
    version: "1.3.1"
  clock:
    dependency: transitive
    description:
      name: clock
      sha256: fddb70d9b5277016c77a80201021d40a2247104d9f4aa7bab7157b7e3f05b84b
      url: "https://pub.dev"
    source: hosted
    version: "1.1.2"
  collection:
    dependency: transitive
    description:
      name: collection
      sha256: "2f5709ae4d3d59dd8f7cd309b4e023046b57d8a6c82130785d2b0e5868084e76"
      url: "https://pub.dev"
    source: hosted
    version: "1.19.1"
  crypto:
    dependency: transitive
    description:
      name: crypto
      sha256: "1e445881f28f22d6140f181e07737b22f1e099a5e1ff94b0af2f9e4a463f4855"
      url: "https://pub.dev"
    source: hosted
    version: "3.0.6"
  dart_console:
    dependency: transitive
    description:
      name: dart_console
      sha256: "30776f697c440fdf5615a5b4fa318fd03c0788a2aeb30625a5972e83592b40c5"
      url: "https://pub.dev"
    source: hosted
    version: "4.1.1"
  darted_cli:
    dependency: "direct main"
    description:
      name: darted_cli
      sha256: "46a8d78c0f3a284925e66570d3b6d9347e646f2ff39954d0f903b74ecdc8d076"
      url: "https://pub.dev"
    source: hosted
    version: "0.1.11"
  enough_ascii_art:
    dependency: transitive
    description:
      name: enough_ascii_art
      sha256: "797ab2a43796d97f125e1f8a4561fda96e66ea49804f5df59b0dde018cffee10"
      url: "https://pub.dev"
    source: hosted
    version: "1.1.0"
  ffi:
    dependency: transitive
    description:
      name: ffi
      sha256: "16ed7b077ef01ad6170a3d0c57caa4a112a38d7a2ed5602e0aca9ca6f3d98da6"
      url: "https://pub.dev"
    source: hosted
    version: "2.1.3"
  image:
    dependency: transitive
    description:
      name: image
      sha256: f31d52537dc417fdcde36088fdf11d191026fd5e4fae742491ebd40e5a8bea7d
      url: "https://pub.dev"
    source: hosted
    version: "4.3.0"
  intl:
    dependency: transitive
    description:
      name: intl
      sha256: d6f56758b7d3014a48af9701c085700aac781a92a87a62b1333b46d8879661cf
      url: "https://pub.dev"
    source: hosted
    version: "0.19.0"
  lints:
    dependency: "direct dev"
    description:
      name: lints
      sha256: "976c774dd944a42e83e2467f4cc670daef7eed6295b10b36ae8c85bcbf828235"
      url: "https://pub.dev"
    source: hosted
    version: "4.0.0"
  meta:
    dependency: transitive
    description:
      name: meta
      sha256: e3641ec5d63ebf0d9b41bd43201a66e3fc79a65db5f61fc181f04cd27aab950c
      url: "https://pub.dev"
    source: hosted
    version: "1.16.0"
  path:
    dependency: transitive
    description:
      name: path
      sha256: "75cca69d1490965be98c73ceaea117e8a04dd21217b37b292c9ddbec0d955bc5"
      url: "https://pub.dev"
    source: hosted
    version: "1.9.1"
  petitparser:
    dependency: transitive
    description:
      name: petitparser
      sha256: c15605cd28af66339f8eb6fbe0e541bfe2d1b72d5825efc6598f3e0a31b9ad27
      url: "https://pub.dev"
    source: hosted
    version: "6.0.2"
  source_span:
    dependency: transitive
    description:
      name: source_span
      sha256: "53e943d4206a5e30df338fd4c6e7a077e02254531b138a15aec3bd143c1a8b3c"
      url: "https://pub.dev"
    source: hosted
    version: "1.10.0"
  string_scanner:
    dependency: transitive
    description:
      name: string_scanner
      sha256: "0bd04f5bb74fcd6ff0606a888a30e917af9bd52820b178eaa464beb11dca84b6"
      url: "https://pub.dev"
    source: hosted
    version: "1.4.0"
  term_glyph:
    dependency: transitive
    description:
      name: term_glyph
      sha256: a29248a84fbb7c79282b40b8c72a1209db169a2e0542bce341da992fe1bc7e84
      url: "https://pub.dev"
    source: hosted
    version: "1.2.1"
  typed_data:
    dependency: transitive
    description:
      name: typed_data
      sha256: f9049c039ebfeb4cf7a7104a675823cd72dba8297f264b6637062516699fa006
      url: "https://pub.dev"
    source: hosted
    version: "1.4.0"
  win32:
    dependency: transitive
    description:
      name: win32
      sha256: "8b338d4486ab3fbc0ba0db9f9b4f5239b6697fcee427939a40e720cbb9ee0a69"
      url: "https://pub.dev"
    source: hosted
    version: "5.9.0"
  xml:
    dependency: transitive
    description:
      name: xml
      sha256: b015a8ad1c488f66851d762d3090a21c600e479dc75e68328c52774040cf9226
      url: "https://pub.dev"
    source: hosted
    version: "6.5.0"
  yaml:
    dependency: transitive
    description:
      name: yaml
      sha256: "75769501ea3489fca56601ff33454fe45507ea3bfb014161abc3b43ae25989d5"
      url: "https://pub.dev"
    source: hosted
    version: "3.1.2"
sdks:
  dart: ">=3.5.3 <4.0.0"
